
Microsoft Visual Studio Solution File, Format Version 11.00
# Visual Studio 2010
Project("{FAE04EC0-301F-11D3-BF4B-00C04F79EFBC}") = "EnumsAndBitFields", "EnumsAndBitFields\EnumsAndBitFields.csproj", "{85EE36AB-BD87-41E7-BD8B-24E3B0B48B51}"
EndProject
Global
	GlobalSection(SolutionConfigurationPlatforms) = preSolution
		Debug|x86 = Debug|x86
		Release|x86 = Release|x86
	EndGlobalSection
	GlobalSection(ProjectConfigurationPlatforms) = postSolution
		{85EE36AB-BD87-41E7-BD8B-24E3B0B48B51}.Debug|x86.ActiveCfg = Debug|x86
		{85EE36AB-BD87-41E7-BD8B-24E3B0B48B51}.Debug|x86.Build.0 = Debug|x86
		{85EE36AB-BD87-41E7-BD8B-24E3B0B48B51}.Release|x86.ActiveCfg = Release|x86
		{85EE36AB-BD87-41E7-BD8B-24E3B0B48B51}.Release|x86.Build.0 = Release|x86
	EndGlobalSection
	GlobalSection(MonoDevelopProperties) = preSolution
		StartupItem = EnumsAndBitFields\EnumsAndBitFields.csproj
	EndGlobalSection
EndGlobal
