
Microsoft Visual Studio Solution File, Format Version 11.00
# Visual Studio 2010
Project("{FAE04EC0-301F-11D3-BF4B-00C04F79EFBC}") = "valueAndReferenceTypes", "valueAndReferenceTypes\valueAndReferenceTypes.csproj", "{2C8B84C9-7A1F-41C3-8F7A-E92821744ADA}"
EndProject
Global
	GlobalSection(SolutionConfigurationPlatforms) = preSolution
		Debug|x86 = Debug|x86
		Release|x86 = Release|x86
	EndGlobalSection
	GlobalSection(ProjectConfigurationPlatforms) = postSolution
		{2C8B84C9-7A1F-41C3-8F7A-E92821744ADA}.Debug|x86.ActiveCfg = Debug|x86
		{2C8B84C9-7A1F-41C3-8F7A-E92821744ADA}.Debug|x86.Build.0 = Debug|x86
		{2C8B84C9-7A1F-41C3-8F7A-E92821744ADA}.Release|x86.ActiveCfg = Release|x86
		{2C8B84C9-7A1F-41C3-8F7A-E92821744ADA}.Release|x86.Build.0 = Release|x86
	EndGlobalSection
	GlobalSection(MonoDevelopProperties) = preSolution
		StartupItem = valueAndReferenceTypes\valueAndReferenceTypes.csproj
	EndGlobalSection
EndGlobal
